
Microsoft Visual Studio Solution File, Format Version 12.00
# Visual Studio Version 16
VisualStudioVersion = 16.0.28606.126
MinimumVisualStudioVersion = 15.0.26124.0
Project("{2150E333-8FDC-42A3-9474-1A3956D46DE8}") = "Solution Items", "Solution Items", "{2F1D7781-9956-433D-97FB-6C2E62A266EA}"
	ProjectSection(SolutionItems) = preProject
		.editorconfig = .editorconfig
		.gitattributes = .gitattributes
		.gitignore = .gitignore
		.gitmodules = .gitmodules
		AllRules.ruleset = AllRules.ruleset
		Directory.Build.props = Directory.Build.props
		LICENSE = LICENSE
		nuget.config = nuget.config
	EndProjectSection
EndProject
Project("{2150E333-8FDC-42A3-9474-1A3956D46DE8}") = "src", "src", "{DC9EE26A-338D-44F8-989F-E0AF11DCF3DC}"
EndProject
Project("{FAE04EC0-301F-11D3-BF4B-00C04F79EFBC}") = "THNETII.GraphQL.FragmentGenerator", "src\THNETII.GraphQL.FragmentGenerator\THNETII.GraphQL.FragmentGenerator.csproj", "{5E3DCCAD-5AE9-4FBE-80BE-8494293F771F}"
EndProject
Global
	GlobalSection(SolutionConfigurationPlatforms) = preSolution
		Debug|Any CPU = Debug|Any CPU
		Debug|x64 = Debug|x64
		Debug|x86 = Debug|x86
		Release|Any CPU = Release|Any CPU
		Release|x64 = Release|x64
		Release|x86 = Release|x86
	EndGlobalSection
	GlobalSection(SolutionProperties) = preSolution
		HideSolutionNode = FALSE
	EndGlobalSection
	GlobalSection(ExtensibilityGlobals) = postSolution
		SolutionGuid = {6C2DC8E6-98D0-44DA-9CB8-27E63EB2E753}
	EndGlobalSection
	GlobalSection(ProjectConfigurationPlatforms) = postSolution
		{5E3DCCAD-5AE9-4FBE-80BE-8494293F771F}.Debug|Any CPU.ActiveCfg = Debug|Any CPU
		{5E3DCCAD-5AE9-4FBE-80BE-8494293F771F}.Debug|Any CPU.Build.0 = Debug|Any CPU
		{5E3DCCAD-5AE9-4FBE-80BE-8494293F771F}.Debug|x64.ActiveCfg = Debug|Any CPU
		{5E3DCCAD-5AE9-4FBE-80BE-8494293F771F}.Debug|x64.Build.0 = Debug|Any CPU
		{5E3DCCAD-5AE9-4FBE-80BE-8494293F771F}.Debug|x86.ActiveCfg = Debug|Any CPU
		{5E3DCCAD-5AE9-4FBE-80BE-8494293F771F}.Debug|x86.Build.0 = Debug|Any CPU
		{5E3DCCAD-5AE9-4FBE-80BE-8494293F771F}.Release|Any CPU.ActiveCfg = Release|Any CPU
		{5E3DCCAD-5AE9-4FBE-80BE-8494293F771F}.Release|Any CPU.Build.0 = Release|Any CPU
		{5E3DCCAD-5AE9-4FBE-80BE-8494293F771F}.Release|x64.ActiveCfg = Release|Any CPU
		{5E3DCCAD-5AE9-4FBE-80BE-8494293F771F}.Release|x64.Build.0 = Release|Any CPU
		{5E3DCCAD-5AE9-4FBE-80BE-8494293F771F}.Release|x86.ActiveCfg = Release|Any CPU
		{5E3DCCAD-5AE9-4FBE-80BE-8494293F771F}.Release|x86.Build.0 = Release|Any CPU
	EndGlobalSection
	GlobalSection(NestedProjects) = preSolution
		{5E3DCCAD-5AE9-4FBE-80BE-8494293F771F} = {DC9EE26A-338D-44F8-989F-E0AF11DCF3DC}
	EndGlobalSection
EndGlobal
